
Microsoft Visual Studio Solution File, Format Version 12.00
# Visual Studio Version 17
VisualStudioVersion = 17.4.33122.133
MinimumVisualStudioVersion = 10.0.40219.1
Project("{FAE04EC0-301F-11D3-BF4B-00C04F79EFBC}") = "ComputerMathPitfalls", "ComputerMathPitfalls\ComputerMathPitfalls.csproj", "{292E8A1C-EDD2-41CA-B224-04224D6F9389}"
EndProject
Global
	GlobalSection(SolutionConfigurationPlatforms) = preSolution
		Debug|Any CPU = Debug|Any CPU
		Release|Any CPU = Release|Any CPU
	EndGlobalSection
	GlobalSection(ProjectConfigurationPlatforms) = postSolution
		{292E8A1C-EDD2-41CA-B224-04224D6F9389}.Debug|Any CPU.ActiveCfg = Debug|Any CPU
		{292E8A1C-EDD2-41CA-B224-04224D6F9389}.Debug|Any CPU.Build.0 = Debug|Any CPU
		{292E8A1C-EDD2-41CA-B224-04224D6F9389}.Release|Any CPU.ActiveCfg = Release|Any CPU
		{292E8A1C-EDD2-41CA-B224-04224D6F9389}.Release|Any CPU.Build.0 = Release|Any CPU
	EndGlobalSection
	GlobalSection(SolutionProperties) = preSolution
		HideSolutionNode = FALSE
	EndGlobalSection
	GlobalSection(ExtensibilityGlobals) = postSolution
		SolutionGuid = {6887CF16-B075-4736-BBC8-0F89A1494CB1}
	EndGlobalSection
EndGlobal
